// !$*UTF8*$!
{
	archiveVersion = 1;
	classes = {
	};
	objectVersion = 46;
	objects = {

/* Begin PBXBuildFile section */
		F50217CF19E27D1C001C9355 /* 8-BIT WONDER.TTF in Resources */ = {isa = PBXBuildFile; fileRef = F50217CE19E27D1C001C9355 /* 8-BIT WONDER.TTF */; };
		F50217D319E28FE7001C9355 /* nes-14-08.wav in Resources */ = {isa = PBXBuildFile; fileRef = F50217D119E28FE7001C9355 /* nes-14-08.wav */; };
		F50217D419E28FE7001C9355 /* nes-00-01.wav in Resources */ = {isa = PBXBuildFile; fileRef = F50217D219E28FE7001C9355 /* nes-00-01.wav */; };
		F54FFEB619DDE948004848EE /* AppDelegate.m in Sources */ = {isa = PBXBuildFile; fileRef = F54FFEB519DDE948004848EE /* AppDelegate.m */; };
		F54FFEB819DDE948004848EE /* main.m in Sources */ = {isa = PBXBuildFile; fileRef = F54FFEB719DDE948004848EE /* main.m */; };
		F54FFEBB19DDE948004848EE /* GameScene.m in Sources */ = {isa = PBXBuildFile; fileRef = F54FFEBA19DDE948004848EE /* GameScene.m */; };
		F54FFEBD19DDE948004848EE /* GameScene.sks in Resources */ = {isa = PBXBuildFile; fileRef = F54FFEBC19DDE948004848EE /* GameScene.sks */; };
		F54FFEBF19DDE948004848EE /* Images.xcassets in Resources */ = {isa = PBXBuildFile; fileRef = F54FFEBE19DDE948004848EE /* Images.xcassets */; };
		F54FFEC219DDE948004848EE /* MainMenu.xib in Resources */ = {isa = PBXBuildFile; fileRef = F54FFEC019DDE948004848EE /* MainMenu.xib */; };
		F54FFECE19DDE949004848EE /* HedzupPongGameTests.m in Sources */ = {isa = PBXBuildFile; fileRef = F54FFECD19DDE949004848EE /* HedzupPongGameTests.m */; };
		F5695D1A19DE97A000DBA058 /* white-strip.png in Resources */ = {isa = PBXBuildFile; fileRef = F5695D1919DE97A000DBA058 /* white-strip.png */; };
		F5695D1C19DEA45200DBA058 /* ball.png in Resources */ = {isa = PBXBuildFile; fileRef = F5695D1B19DEA45200DBA058 /* ball.png */; };
		F5695D2519DECD5C00DBA058 /* HUPongGameObject.m in Sources */ = {isa = PBXBuildFile; fileRef = F5695D2419DECD5C00DBA058 /* HUPongGameObject.m */; };
		F5695D2819DED2F600DBA058 /* GameOverScene.m in Sources */ = {isa = PBXBuildFile; fileRef = F5695D2719DED2F500DBA058 /* GameOverScene.m */; };
		F5695D2D19DED42B00DBA058 /* MainMenu.m in Sources */ = {isa = PBXBuildFile; fileRef = F5695D2C19DED42B00DBA058 /* MainMenu.m */; };
		F5695D3219DED55800DBA058 /* PaddleBoard.m in Sources */ = {isa = PBXBuildFile; fileRef = F5695D2E19DED55800DBA058 /* PaddleBoard.m */; };
		F5695D3319DED55800DBA058 /* BallObject.m in Sources */ = {isa = PBXBuildFile; fileRef = F5695D3119DED55800DBA058 /* BallObject.m */; };
		F5695D3519E17D0500DBA058 /* blocks.png in Resources */ = {isa = PBXBuildFile; fileRef = F5695D3419E17D0500DBA058 /* blocks.png */; };
		F5695D3919E17F1400DBA058 /* BrickObject.m in Sources */ = {isa = PBXBuildFile; fileRef = F5695D3819E17F1400DBA058 /* BrickObject.m */; };
/* End PBXBuildFile section */

/* Begin PBXContainerItemProxy section */
		F54FFEC819DDE949004848EE /* PBXContainerItemProxy */ = {
			isa = PBXContainerItemProxy;
			containerPortal = F54FFEA719DDE948004848EE /* Project object */;
			proxyType = 1;
			remoteGlobalIDString = F54FFEAE19DDE948004848EE;
			remoteInfo = HedzupPongGame;
		};
/* End PBXContainerItemProxy section */

/* Begin PBXFileReference section */
		F50217CE19E27D1C001C9355 /* 8-BIT WONDER.TTF */ = {isa = PBXFileReference; lastKnownFileType = file; path = "8-BIT WONDER.TTF"; sourceTree = "<group>"; };
		F50217D119E28FE7001C9355 /* nes-14-08.wav */ = {isa = PBXFileReference; lastKnownFileType = audio.wav; name = "nes-14-08.wav"; path = "Assets/sounds/nes-14-08.wav"; sourceTree = "<group>"; };
		F50217D219E28FE7001C9355 /* nes-00-01.wav */ = {isa = PBXFileReference; lastKnownFileType = audio.wav; name = "nes-00-01.wav"; path = "Assets/sounds/nes-00-01.wav"; sourceTree = "<group>"; };
		F54FFEAF19DDE948004848EE /* HedzupPongGame.app */ = {isa = PBXFileReference; explicitFileType = wrapper.application; includeInIndex = 0; path = HedzupPongGame.app; sourceTree = BUILT_PRODUCTS_DIR; };
		F54FFEB319DDE948004848EE /* Info.plist */ = {isa = PBXFileReference; lastKnownFileType = text.plist.xml; path = Info.plist; sourceTree = "<group>"; };
		F54FFEB419DDE948004848EE /* AppDelegate.h */ = {isa = PBXFileReference; lastKnownFileType = sourcecode.c.h; path = AppDelegate.h; sourceTree = "<group>"; };
		F54FFEB519DDE948004848EE /* AppDelegate.m */ = {isa = PBXFileReference; lastKnownFileType = sourcecode.c.objc; path = AppDelegate.m; sourceTree = "<group>"; };
		F54FFEB719DDE948004848EE /* main.m */ = {isa = PBXFileReference; lastKnownFileType = sourcecode.c.objc; path = main.m; sourceTree = "<group>"; };
		F54FFEB919DDE948004848EE /* GameScene.h */ = {isa = PBXFileReference; lastKnownFileType = sourcecode.c.h; path = GameScene.h; sourceTree = "<group>"; };
		F54FFEBA19DDE948004848EE /* GameScene.m */ = {isa = PBXFileReference; lastKnownFileType = sourcecode.c.objc; path = GameScene.m; sourceTree = "<group>"; };
		F54FFEBC19DDE948004848EE /* GameScene.sks */ = {isa = PBXFileReference; lastKnownFileType = file.sks; path = GameScene.sks; sourceTree = "<group>"; };
		F54FFEBE19DDE948004848EE /* Images.xcassets */ = {isa = PBXFileReference; lastKnownFileType = folder.assetcatalog; path = Images.xcassets; sourceTree = "<group>"; };
		F54FFEC119DDE948004848EE /* Base */ = {isa = PBXFileReference; lastKnownFileType = file.xib; name = Base; path = Base.lproj/MainMenu.xib; sourceTree = "<group>"; };
		F54FFEC719DDE949004848EE /* HedzupPongGameTests.xctest */ = {isa = PBXFileReference; explicitFileType = wrapper.cfbundle; includeInIndex = 0; path = HedzupPongGameTests.xctest; sourceTree = BUILT_PRODUCTS_DIR; };
		F54FFECC19DDE949004848EE /* Info.plist */ = {isa = PBXFileReference; lastKnownFileType = text.plist.xml; path = Info.plist; sourceTree = "<group>"; };
		F54FFECD19DDE949004848EE /* HedzupPongGameTests.m */ = {isa = PBXFileReference; lastKnownFileType = sourcecode.c.objc; path = HedzupPongGameTests.m; sourceTree = "<group>"; };
		F54FFED719DDE968004848EE /* HedzupPongGame.entitlements */ = {isa = PBXFileReference; lastKnownFileType = text.xml; path = HedzupPongGame.entitlements; sourceTree = "<group>"; };
		F5695D1519DE875300DBA058 /* globalConstants.h */ = {isa = PBXFileReference; lastKnownFileType = sourcecode.c.h; path = globalConstants.h; sourceTree = "<group>"; };
		F5695D1919DE97A000DBA058 /* white-strip.png */ = {isa = PBXFileReference; lastKnownFileType = image.png; name = "white-strip.png"; path = "Assets/white-strip.png"; sourceTree = "<group>"; };
		F5695D1B19DEA45200DBA058 /* ball.png */ = {isa = PBXFileReference; lastKnownFileType = image.png; name = ball.png; path = Assets/ball.png; sourceTree = "<group>"; };
		F5695D2319DECD5C00DBA058 /* HUPongGameObject.h */ = {isa = PBXFileReference; fileEncoding = 4; lastKnownFileType = sourcecode.c.h; name = HUPongGameObject.h; path = GameObjects/HUPongGameObject.h; sourceTree = "<group>"; };
		F5695D2419DECD5C00DBA058 /* HUPongGameObject.m */ = {isa = PBXFileReference; fileEncoding = 4; lastKnownFileType = sourcecode.c.objc; name = HUPongGameObject.m; path = GameObjects/HUPongGameObject.m; sourceTree = "<group>"; };
		F5695D2619DED2F500DBA058 /* GameOverScene.h */ = {isa = PBXFileReference; fileEncoding = 4; lastKnownFileType = sourcecode.c.h; name = GameOverScene.h; path = Scenes/GameOverScene.h; sourceTree = "<group>"; };
		F5695D2719DED2F500DBA058 /* GameOverScene.m */ = {isa = PBXFileReference; fileEncoding = 4; lastKnownFileType = sourcecode.c.objc; name = GameOverScene.m; path = Scenes/GameOverScene.m; sourceTree = "<group>"; };
		F5695D2B19DED42B00DBA058 /* MainMenu.h */ = {isa = PBXFileReference; fileEncoding = 4; lastKnownFileType = sourcecode.c.h; name = MainMenu.h; path = Scenes/MainMenu.h; sourceTree = "<group>"; };
		F5695D2C19DED42B00DBA058 /* MainMenu.m */ = {isa = PBXFileReference; fileEncoding = 4; lastKnownFileType = sourcecode.c.objc; name = MainMenu.m; path = Scenes/MainMenu.m; sourceTree = "<group>"; };
		F5695D2E19DED55800DBA058 /* PaddleBoard.m */ = {isa = PBXFileReference; fileEncoding = 4; lastKnownFileType = sourcecode.c.objc; name = PaddleBoard.m; path = GameObjects/PaddleBoard.m; sourceTree = "<group>"; };
		F5695D2F19DED55800DBA058 /* PaddleBoard.h */ = {isa = PBXFileReference; fileEncoding = 4; lastKnownFileType = sourcecode.c.h; name = PaddleBoard.h; path = GameObjects/PaddleBoard.h; sourceTree = "<group>"; };
		F5695D3019DED55800DBA058 /* BallObject.h */ = {isa = PBXFileReference; fileEncoding = 4; lastKnownFileType = sourcecode.c.h; name = BallObject.h; path = GameObjects/BallObject.h; sourceTree = "<group>"; };
		F5695D3119DED55800DBA058 /* BallObject.m */ = {isa = PBXFileReference; fileEncoding = 4; lastKnownFileType = sourcecode.c.objc; name = BallObject.m; path = GameObjects/BallObject.m; sourceTree = "<group>"; };
		F5695D3419E17D0500DBA058 /* blocks.png */ = {isa = PBXFileReference; lastKnownFileType = image.png; name = blocks.png; path = Assets/blocks.png; sourceTree = "<group>"; };
		F5695D3719E17F1400DBA058 /* BrickObject.h */ = {isa = PBXFileReference; fileEncoding = 4; lastKnownFileType = sourcecode.c.h; name = BrickObject.h; path = GameObjects/BrickObject.h; sourceTree = "<group>"; };
		F5695D3819E17F1400DBA058 /* BrickObject.m */ = {isa = PBXFileReference; fileEncoding = 4; lastKnownFileType = sourcecode.c.objc; name = BrickObject.m; path = GameObjects/BrickObject.m; sourceTree = "<group>"; };
/* End PBXFileReference section */

/* Begin PBXFrameworksBuildPhase section */
		F54FFEAC19DDE948004848EE /* Frameworks */ = {
			isa = PBXFrameworksBuildPhase;
			buildActionMask = 2147483647;
			files = (
			);
			runOnlyForDeploymentPostprocessing = 0;
		};
		F54FFEC419DDE949004848EE /* Frameworks */ = {
			isa = PBXFrameworksBuildPhase;
			buildActionMask = 2147483647;
			files = (
			);
			runOnlyForDeploymentPostprocessing = 0;
		};
/* End PBXFrameworksBuildPhase section */

/* Begin PBXGroup section */
		F54FFEA619DDE948004848EE = {
			isa = PBXGroup;
			children = (
				F54FFEB119DDE948004848EE /* HedzupPongGame */,
				F54FFECA19DDE949004848EE /* HedzupPongGameTests */,
				F54FFEB019DDE948004848EE /* Products */,
			);
			sourceTree = "<group>";
		};
		F54FFEB019DDE948004848EE /* Products */ = {
			isa = PBXGroup;
			children = (
				F54FFEAF19DDE948004848EE /* HedzupPongGame.app */,
				F54FFEC719DDE949004848EE /* HedzupPongGameTests.xctest */,
			);
			name = Products;
			sourceTree = "<group>";
		};
		F54FFEB119DDE948004848EE /* HedzupPongGame */ = {
			isa = PBXGroup;
			children = (
				F5695D1219DE825700DBA058 /* Assets */,
				F5695D1619DE961A00DBA058 /* GameObjects */,
				F5695D1119DE824900DBA058 /* Scenes */,
				F54FFED719DDE968004848EE /* HedzupPongGame.entitlements */,
				F5695D1519DE875300DBA058 /* globalConstants.h */,
				F54FFEB419DDE948004848EE /* AppDelegate.h */,
				F54FFEB519DDE948004848EE /* AppDelegate.m */,
				F54FFEBC19DDE948004848EE /* GameScene.sks */,
				F54FFEBE19DDE948004848EE /* Images.xcassets */,
				F54FFEC019DDE948004848EE /* MainMenu.xib */,
				F54FFEB219DDE948004848EE /* Supporting Files */,
			);
			path = HedzupPongGame;
			sourceTree = "<group>";
		};
		F54FFEB219DDE948004848EE /* Supporting Files */ = {
			isa = PBXGroup;
			children = (
				F54FFEB319DDE948004848EE /* Info.plist */,
				F54FFEB719DDE948004848EE /* main.m */,
			);
			name = "Supporting Files";
			sourceTree = "<group>";
		};
		F54FFECA19DDE949004848EE /* HedzupPongGameTests */ = {
			isa = PBXGroup;
			children = (
				F54FFECD19DDE949004848EE /* HedzupPongGameTests.m */,
				F54FFECB19DDE949004848EE /* Supporting Files */,
			);
			path = HedzupPongGameTests;
			sourceTree = "<group>";
		};
		F54FFECB19DDE949004848EE /* Supporting Files */ = {
			isa = PBXGroup;
			children = (
				F54FFECC19DDE949004848EE /* Info.plist */,
			);
			name = "Supporting Files";
			sourceTree = "<group>";
		};
		F5695D0F19DE823500DBA058 /* MainGame */ = {
			isa = PBXGroup;
			children = (
				F5695D2A19DED40100DBA058 /* GameOver */,
				F54FFEB919DDE948004848EE /* GameScene.h */,
				F54FFEBA19DDE948004848EE /* GameScene.m */,
			);
			name = MainGame;
			sourceTree = "<group>";
		};
		F5695D1019DE824100DBA058 /* MainMenu */ = {
			isa = PBXGroup;
			children = (
				F5695D2B19DED42B00DBA058 /* MainMenu.h */,
				F5695D2C19DED42B00DBA058 /* MainMenu.m */,
			);
			name = MainMenu;
			sourceTree = "<group>";
		};
		F5695D1119DE824900DBA058 /* Scenes */ = {
			isa = PBXGroup;
			children = (
				F5695D1019DE824100DBA058 /* MainMenu */,
				F5695D0F19DE823500DBA058 /* MainGame */,
			);
			name = Scenes;
			sourceTree = "<group>";
		};
		F5695D1219DE825700DBA058 /* Assets */ = {
			isa = PBXGroup;
			children = (
				F5695D2919DED33600DBA058 /* Fonts */,
				F5695D1419DE827000DBA058 /* Sounds */,
				F5695D1319DE826900DBA058 /* Images */,
			);
			name = Assets;
			sourceTree = "<group>";
		};
		F5695D1319DE826900DBA058 /* Images */ = {
			isa = PBXGroup;
			children = (
				F5695D3419E17D0500DBA058 /* blocks.png */,
				F5695D1B19DEA45200DBA058 /* ball.png */,
				F5695D1919DE97A000DBA058 /* white-strip.png */,
			);
			name = Images;
			sourceTree = "<group>";
		};
		F5695D1419DE827000DBA058 /* Sounds */ = {
			isa = PBXGroup;
			children = (
				F50217D119E28FE7001C9355 /* nes-14-08.wav */,
				F50217D219E28FE7001C9355 /* nes-00-01.wav */,
			);
			name = Sounds;
			sourceTree = "<group>";
		};
		F5695D1619DE961A00DBA058 /* GameObjects */ = {
			isa = PBXGroup;
			children = (
				F5695D2319DECD5C00DBA058 /* HUPongGameObject.h */,
				F5695D2419DECD5C00DBA058 /* HUPongGameObject.m */,
				F5695D3619E17EC600DBA058 /* bricks */,
				F5695D1819DE963100DBA058 /* Ball */,
				F5695D1719DE962900DBA058 /* Player */,
			);
			name = GameObjects;
			sourceTree = "<group>";
		};
		F5695D1719DE962900DBA058 /* Player */ = {
			isa = PBXGroup;
			children = (
				F5695D2F19DED55800DBA058 /* PaddleBoard.h */,
				F5695D2E19DED55800DBA058 /* PaddleBoard.m */,
			);
			name = Player;
			sourceTree = "<group>";
		};
		F5695D1819DE963100DBA058 /* Ball */ = {
			isa = PBXGroup;
			children = (
				F5695D3019DED55800DBA058 /* BallObject.h */,
				F5695D3119DED55800DBA058 /* BallObject.m */,
			);
			name = Ball;
			sourceTree = "<group>";
		};
		F5695D2919DED33600DBA058 /* Fonts */ = {
			isa = PBXGroup;
			children = (
				F50217CE19E27D1C001C9355 /* 8-BIT WONDER.TTF */,
			);
			name = Fonts;
			sourceTree = "<group>";
		};
		F5695D2A19DED40100DBA058 /* GameOver */ = {
			isa = PBXGroup;
			children = (
				F5695D2619DED2F500DBA058 /* GameOverScene.h */,
				F5695D2719DED2F500DBA058 /* GameOverScene.m */,
			);
			name = GameOver;
			sourceTree = "<group>";
		};
		F5695D3619E17EC600DBA058 /* bricks */ = {
			isa = PBXGroup;
			children = (
				F5695D3719E17F1400DBA058 /* BrickObject.h */,
				F5695D3819E17F1400DBA058 /* BrickObject.m */,
			);
			name = bricks;
			sourceTree = "<group>";
		};
/* End PBXGroup section */

/* Begin PBXNativeTarget section */
		F54FFEAE19DDE948004848EE /* HedzupPongGame */ = {
			isa = PBXNativeTarget;
			buildConfigurationList = F54FFED119DDE949004848EE /* Build configuration list for PBXNativeTarget "HedzupPongGame" */;
			buildPhases = (
				F54FFEAB19DDE948004848EE /* Sources */,
				F54FFEAC19DDE948004848EE /* Frameworks */,
				F54FFEAD19DDE948004848EE /* Resources */,
			);
			buildRules = (
			);
			dependencies = (
			);
			name = HedzupPongGame;
			productName = HedzupPongGame;
			productReference = F54FFEAF19DDE948004848EE /* HedzupPongGame.app */;
			productType = "com.apple.product-type.application";
		};
		F54FFEC619DDE949004848EE /* HedzupPongGameTests */ = {
			isa = PBXNativeTarget;
			buildConfigurationList = F54FFED419DDE949004848EE /* Build configuration list for PBXNativeTarget "HedzupPongGameTests" */;
			buildPhases = (
				F54FFEC319DDE949004848EE /* Sources */,
				F54FFEC419DDE949004848EE /* Frameworks */,
				F54FFEC519DDE949004848EE /* Resources */,
			);
			buildRules = (
			);
			dependencies = (
				F54FFEC919DDE949004848EE /* PBXTargetDependency */,
			);
			name = HedzupPongGameTests;
			productName = HedzupPongGameTests;
			productReference = F54FFEC719DDE949004848EE /* HedzupPongGameTests.xctest */;
			productType = "com.apple.product-type.bundle.unit-test";
		};
/* End PBXNativeTarget section */

/* Begin PBXProject section */
		F54FFEA719DDE948004848EE /* Project object */ = {
			isa = PBXProject;
			attributes = {
				LastUpgradeCheck = 0610;
				ORGANIZATIONNAME = tappnology;
				TargetAttributes = {
					F54FFEAE19DDE948004848EE = {
						CreatedOnToolsVersion = 6.1;
						DevelopmentTeam = 646RZ6N9HF;
						SystemCapabilities = {
							com.apple.Sandbox = {
								enabled = 1;
							};
						};
					};
					F54FFEC619DDE949004848EE = {
						CreatedOnToolsVersion = 6.1;
						TestTargetID = F54FFEAE19DDE948004848EE;
					};
				};
			};
			buildConfigurationList = F54FFEAA19DDE948004848EE /* Build configuration list for PBXProject "HedzupPongGame" */;
			compatibilityVersion = "Xcode 3.2";
			developmentRegion = English;
			hasScannedForEncodings = 0;
			knownRegions = (
				en,
				Base,
			);
			mainGroup = F54FFEA619DDE948004848EE;
			productRefGroup = F54FFEB019DDE948004848EE /* Products */;
			projectDirPath = "";
			projectRoot = "";
			targets = (
				F54FFEAE19DDE948004848EE /* HedzupPongGame */,
				F54FFEC619DDE949004848EE /* HedzupPongGameTests */,
			);
		};
/* End PBXProject section */

/* Begin PBXResourcesBuildPhase section */
		F54FFEAD19DDE948004848EE /* Resources */ = {
			isa = PBXResourcesBuildPhase;
			buildActionMask = 2147483647;
			files = (
				F54FFEBD19DDE948004848EE /* GameScene.sks in Resources */,
				F5695D1C19DEA45200DBA058 /* ball.png in Resources */,
				F50217CF19E27D1C001C9355 /* 8-BIT WONDER.TTF in Resources */,
				F54FFEBF19DDE948004848EE /* Images.xcassets in Resources */,
				F5695D1A19DE97A000DBA058 /* white-strip.png in Resources */,
				F54FFEC219DDE948004848EE /* MainMenu.xib in Resources */,
				F50217D319E28FE7001C9355 /* nes-14-08.wav in Resources */,
				F5695D3519E17D0500DBA058 /* blocks.png in Resources */,
				F50217D419E28FE7001C9355 /* nes-00-01.wav in Resources */,
			);
			runOnlyForDeploymentPostprocessing = 0;
		};
		F54FFEC519DDE949004848EE /* Resources */ = {
			isa = PBXResourcesBuildPhase;
			buildActionMask = 2147483647;
			files = (
			);
			runOnlyForDeploymentPostprocessing = 0;
		};
/* End PBXResourcesBuildPhase section */

/* Begin PBXSourcesBuildPhase section */
		F54FFEAB19DDE948004848EE /* Sources */ = {
			isa = PBXSourcesBuildPhase;
			buildActionMask = 2147483647;
			files = (
				F5695D2819DED2F600DBA058 /* GameOverScene.m in Sources */,
				F5695D3319DED55800DBA058 /* BallObject.m in Sources */,
				F5695D3219DED55800DBA058 /* PaddleBoard.m in Sources */,
				F54FFEB819DDE948004848EE /* main.m in Sources */,
				F54FFEBB19DDE948004848EE /* GameScene.m in Sources */,
				F54FFEB619DDE948004848EE /* AppDelegate.m in Sources */,
				F5695D2519DECD5C00DBA058 /* HUPongGameObject.m in Sources */,
				F5695D3919E17F1400DBA058 /* BrickObject.m in Sources */,
				F5695D2D19DED42B00DBA058 /* MainMenu.m in Sources */,
			);
			runOnlyForDeploymentPostprocessing = 0;
		};
		F54FFEC319DDE949004848EE /* Sources */ = {
			isa = PBXSourcesBuildPhase;
			buildActionMask = 2147483647;
			files = (
				F54FFECE19DDE949004848EE /* HedzupPongGameTests.m in Sources */,
			);
			runOnlyForDeploymentPostprocessing = 0;
		};
/* End PBXSourcesBuildPhase section */

/* Begin PBXTargetDependency section */
		F54FFEC919DDE949004848EE /* PBXTargetDependency */ = {
			isa = PBXTargetDependency;
			target = F54FFEAE19DDE948004848EE /* HedzupPongGame */;
			targetProxy = F54FFEC819DDE949004848EE /* PBXContainerItemProxy */;
		};
/* End PBXTargetDependency section */

/* Begin PBXVariantGroup section */
		F54FFEC019DDE948004848EE /* MainMenu.xib */ = {
			isa = PBXVariantGroup;
			children = (
				F54FFEC119DDE948004848EE /* Base */,
			);
			name = MainMenu.xib;
			sourceTree = "<group>";
		};
/* End PBXVariantGroup section */

/* Begin XCBuildConfiguration section */
		F54FFECF19DDE949004848EE /* Debug */ = {
			isa = XCBuildConfiguration;
			buildSettings = {
				ALWAYS_SEARCH_USER_PATHS = NO;
				CLANG_CXX_LANGUAGE_STANDARD = "gnu++0x";
				CLANG_CXX_LIBRARY = "libc++";
				CLANG_ENABLE_MODULES = YES;
				CLANG_ENABLE_OBJC_ARC = YES;
				CLANG_WARN_BOOL_CONVERSION = YES;
				CLANG_WARN_CONSTANT_CONVERSION = YES;
				CLANG_WARN_DIRECT_OBJC_ISA_USAGE = YES_ERROR;
				CLANG_WARN_EMPTY_BODY = YES;
				CLANG_WARN_ENUM_CONVERSION = YES;
				CLANG_WARN_INT_CONVERSION = YES;
				CLANG_WARN_OBJC_ROOT_CLASS = YES_ERROR;
				CLANG_WARN_UNREACHABLE_CODE = YES;
				CLANG_WARN__DUPLICATE_METHOD_MATCH = YES;
				CODE_SIGN_IDENTITY = "-";
				COPY_PHASE_STRIP = NO;
				ENABLE_STRICT_OBJC_MSGSEND = YES;
				GCC_C_LANGUAGE_STANDARD = gnu99;
				GCC_DYNAMIC_NO_PIC = NO;
				GCC_OPTIMIZATION_LEVEL = 0;
				GCC_PREPROCESSOR_DEFINITIONS = (
					"DEBUG=1",
					"$(inherited)",
				);
				GCC_SYMBOLS_PRIVATE_EXTERN = NO;
				GCC_WARN_64_TO_32_BIT_CONVERSION = YES;
				GCC_WARN_ABOUT_RETURN_TYPE = YES_ERROR;
				GCC_WARN_UNDECLARED_SELECTOR = YES;
				GCC_WARN_UNINITIALIZED_AUTOS = YES_AGGRESSIVE;
				GCC_WARN_UNUSED_FUNCTION = YES;
				GCC_WARN_UNUSED_VARIABLE = YES;
				MACOSX_DEPLOYMENT_TARGET = 10.10;
				MTL_ENABLE_DEBUG_INFO = YES;
				ONLY_ACTIVE_ARCH = YES;
				SDKROOT = macosx;
			};
			name = Debug;
		};
		F54FFED019DDE949004848EE /* Release */ = {
			isa = XCBuildConfiguration;
			buildSettings = {
				ALWAYS_SEARCH_USER_PATHS = NO;
				CLANG_CXX_LANGUAGE_STANDARD = "gnu++0x";
				CLANG_CXX_LIBRARY = "libc++";
				CLANG_ENABLE_MODULES = YES;
				CLANG_ENABLE_OBJC_ARC = YES;
				CLANG_WARN_BOOL_CONVERSION = YES;
				CLANG_WARN_CONSTANT_CONVERSION = YES;
				CLANG_WARN_DIRECT_OBJC_ISA_USAGE = YES_ERROR;
				CLANG_WARN_EMPTY_BODY = YES;
				CLANG_WARN_ENUM_CONVERSION = YES;
				CLANG_WARN_INT_CONVERSION = YES;
				CLANG_WARN_OBJC_ROOT_CLASS = YES_ERROR;
				CLANG_WARN_UNREACHABLE_CODE = YES;
				CLANG_WARN__DUPLICATE_METHOD_MATCH = YES;
				CODE_SIGN_IDENTITY = "-";
				COPY_PHASE_STRIP = YES;
				DEBUG_INFORMATION_FORMAT = "dwarf-with-dsym";
				ENABLE_NS_ASSERTIONS = NO;
				ENABLE_STRICT_OBJC_MSGSEND = YES;
				GCC_C_LANGUAGE_STANDARD = gnu99;
				GCC_WARN_64_TO_32_BIT_CONVERSION = YES;
				GCC_WARN_ABOUT_RETURN_TYPE = YES_ERROR;
				GCC_WARN_UNDECLARED_SELECTOR = YES;
				GCC_WARN_UNINITIALIZED_AUTOS = YES_AGGRESSIVE;
				GCC_WARN_UNUSED_FUNCTION = YES;
				GCC_WARN_UNUSED_VARIABLE = YES;
				MACOSX_DEPLOYMENT_TARGET = 10.10;
				MTL_ENABLE_DEBUG_INFO = NO;
				SDKROOT = macosx;
			};
			name = Release;
		};
		F54FFED219DDE949004848EE /* Debug */ = {
			isa = XCBuildConfiguration;
			buildSettings = {
				ASSETCATALOG_COMPILER_APPICON_NAME = AppIcon;
				CODE_SIGN_ENTITLEMENTS = HedzupPongGame/HedzupPongGame.entitlements;
				CODE_SIGN_IDENTITY = "Developer ID Application";
				COMBINE_HIDPI_IMAGES = YES;
				INFOPLIST_FILE = HedzupPongGame/Info.plist;
				LD_RUNPATH_SEARCH_PATHS = "$(inherited) @executable_path/../Frameworks";
				MACOSX_DEPLOYMENT_TARGET = 10.8;
				PRODUCT_NAME = "$(TARGET_NAME)";
			};
			name = Debug;
		};
		F54FFED319DDE949004848EE /* Release */ = {
			isa = XCBuildConfiguration;
			buildSettings = {
				ASSETCATALOG_COMPILER_APPICON_NAME = AppIcon;
				CODE_SIGN_ENTITLEMENTS = HedzupPongGame/HedzupPongGame.entitlements;
				CODE_SIGN_IDENTITY = "Developer ID Application";
				COMBINE_HIDPI_IMAGES = YES;
				INFOPLIST_FILE = HedzupPongGame/Info.plist;
				LD_RUNPATH_SEARCH_PATHS = "$(inherited) @executable_path/../Frameworks";
				MACOSX_DEPLOYMENT_TARGET = 10.8;
				PRODUCT_NAME = "$(TARGET_NAME)";
			};
			name = Release;
		};
		F54FFED519DDE949004848EE /* Debug */ = {
			isa = XCBuildConfiguration;
			buildSettings = {
				BUNDLE_LOADER = "$(TEST_HOST)";
				COMBINE_HIDPI_IMAGES = YES;
				FRAMEWORK_SEARCH_PATHS = (
					"$(DEVELOPER_FRAMEWORKS_DIR)",
					"$(inherited)",
				);
				GCC_PREPROCESSOR_DEFINITIONS = (
					"DEBUG=1",
					"$(inherited)",
				);
				INFOPLIST_FILE = HedzupPongGameTests/Info.plist;
				LD_RUNPATH_SEARCH_PATHS = "$(inherited) @executable_path/../Frameworks @loader_path/../Frameworks";
				PRODUCT_NAME = "$(TARGET_NAME)";
				TEST_HOST = "$(BUILT_PRODUCTS_DIR)/HedzupPongGame.app/Contents/MacOS/HedzupPongGame";
			};
			name = Debug;
		};
		F54FFED619DDE949004848EE /* Release */ = {
			isa = XCBuildConfiguration;
			buildSettings = {
				BUNDLE_LOADER = "$(TEST_HOST)";
				COMBINE_HIDPI_IMAGES = YES;
				FRAMEWORK_SEARCH_PATHS = (
					"$(DEVELOPER_FRAMEWORKS_DIR)",
					"$(inherited)",
				);
				INFOPLIST_FILE = HedzupPongGameTests/Info.plist;
				LD_RUNPATH_SEARCH_PATHS = "$(inherited) @executable_path/../Frameworks @loader_path/../Frameworks";
				PRODUCT_NAME = "$(TARGET_NAME)";
				TEST_HOST = "$(BUILT_PRODUCTS_DIR)/HedzupPongGame.app/Contents/MacOS/HedzupPongGame";
			};
			name = Release;
		};
/* End XCBuildConfiguration section */

/* Begin XCConfigurationList section */
		F54FFEAA19DDE948004848EE /* Build configuration list for PBXProject "HedzupPongGame" */ = {
			isa = XCConfigurationList;
			buildConfigurations = (
				F54FFECF19DDE949004848EE /* Debug */,
				F54FFED019DDE949004848EE /* Release */,
			);
			defaultConfigurationIsVisible = 0;
			defaultConfigurationName = Release;
		};
		F54FFED119DDE949004848EE /* Build configuration list for PBXNativeTarget "HedzupPongGame" */ = {
			isa = XCConfigurationList;
			buildConfigurations = (
				F54FFED219DDE949004848EE /* Debug */,
				F54FFED319DDE949004848EE /* Release */,
			);
			defaultConfigurationIsVisible = 0;
			defaultConfigurationName = Release;
		};
		F54FFED419DDE949004848EE /* Build configuration list for PBXNativeTarget "HedzupPongGameTests" */ = {
			isa = XCConfigurationList;
			buildConfigurations = (
				F54FFED519DDE949004848EE /* Debug */,
				F54FFED619DDE949004848EE /* Release */,
			);
			defaultConfigurationIsVisible = 0;
			defaultConfigurationName = Release;
		};
/* End XCConfigurationList section */
	};
	rootObject = F54FFEA719DDE948004848EE /* Project object */;
}
