// !$*UTF8*$!
{
	archiveVersion = 1;
	classes = {
	};
	objectVersion = 46;
	objects = {

/* Begin PBXBuildFile section */
		F50217CF19E27D1C001C9355 /* 8-BIT WONDER.TTF in Resources */ = {isa = PBXBuildFile; fileRef = F50217CE19E27D1C001C9355 /* 8-BIT WONDER.TTF */; };
		F50217D319E28FE7001C9355 /* nes-14-08.wav in Resources */ = {isa = PBXBuildFile; fileRef = F50217D119E28FE7001C9355 /* nes-14-08.wav */; };
		F50217D419E28FE7001C9355 /* nes-00-01.wav in Resources */ = {isa = PBXBuildFile; fileRef = F50217D219E28FE7001C9355 /* nes-00-01.wav */; };
		F50217D919E2A914001C9355 /* Database.xcdatamodeld in Sources */ = {isa = PBXBuildFile; fileRef = F50217D719E2A914001C9355 /* Database.xcdatamodeld */; };
		F50217DD19E2AA7D001C9355 /* HighScores.m in Sources */ = {isa = PBXBuildFile; fileRef = F50217DC19E2AA7D001C9355 /* HighScores.m */; };
		F50217EA19E2AB9D001C9355 /* ArchiverManager.m in Sources */ = {isa = PBXBuildFile; fileRef = F50217E119E2AB9D001C9355 /* ArchiverManager.m */; settings = {COMPILER_FLAGS = "-fno-objc-arc"; }; };
		F50217EB19E2AB9D001C9355 /* ArchiverMediator.m in Sources */ = {isa = PBXBuildFile; fileRef = F50217E319E2AB9D001C9355 /* ArchiverMediator.m */; };
		F50217EC19E2AB9D001C9355 /* PRPBasicDataModel.m in Sources */ = {isa = PBXBuildFile; fileRef = F50217E519E2AB9D001C9355 /* PRPBasicDataModel.m */; settings = {COMPILER_FLAGS = "-fno-objc-arc"; }; };
		F50217F219E2B001001C9355 /* HUPongManager.m in Sources */ = {isa = PBXBuildFile; fileRef = F50217F119E2B001001C9355 /* HUPongManager.m */; };
		F50217F519E2CBB2001C9355 /* MainMenu.sks in Resources */ = {isa = PBXBuildFile; fileRef = F50217F419E2CBB2001C9355 /* MainMenu.sks */; };
		F508993519E36932002F11A7 /* FlowerObject.m in Sources */ = {isa = PBXBuildFile; fileRef = F508993419E36932002F11A7 /* FlowerObject.m */; };
		F508993719E36AA9002F11A7 /* british_flower_power.caf in Resources */ = {isa = PBXBuildFile; fileRef = F508993619E36AA9002F11A7 /* british_flower_power.caf */; };
		F508993A19E3BE97002F11A7 /* AVFoundation.framework in Frameworks */ = {isa = PBXBuildFile; fileRef = F508993819E3BE97002F11A7 /* AVFoundation.framework */; };
		F508993B19E3BE97002F11A7 /* AVKit.framework in Frameworks */ = {isa = PBXBuildFile; fileRef = F508993919E3BE97002F11A7 /* AVKit.framework */; };
		F508993D19E3C5EE002F11A7 /* british_hedzup-1.caf in Resources */ = {isa = PBXBuildFile; fileRef = F508993C19E3C5EE002F11A7 /* british_hedzup-1.caf */; };
		F54FFEB619DDE948004848EE /* AppDelegate.m in Sources */ = {isa = PBXBuildFile; fileRef = F54FFEB519DDE948004848EE /* AppDelegate.m */; };
		F54FFEB819DDE948004848EE /* main.m in Sources */ = {isa = PBXBuildFile; fileRef = F54FFEB719DDE948004848EE /* main.m */; };
		F54FFEBB19DDE948004848EE /* GameScene.m in Sources */ = {isa = PBXBuildFile; fileRef = F54FFEBA19DDE948004848EE /* GameScene.m */; };
		F54FFEBD19DDE948004848EE /* GameScene.sks in Resources */ = {isa = PBXBuildFile; fileRef = F54FFEBC19DDE948004848EE /* GameScene.sks */; };
		F54FFEBF19DDE948004848EE /* Images.xcassets in Resources */ = {isa = PBXBuildFile; fileRef = F54FFEBE19DDE948004848EE /* Images.xcassets */; };
		F54FFEC219DDE948004848EE /* MainMenu.xib in Resources */ = {isa = PBXBuildFile; fileRef = F54FFEC019DDE948004848EE /* MainMenu.xib */; };
		F54FFECE19DDE949004848EE /* HedzupPongGameTests.m in Sources */ = {isa = PBXBuildFile; fileRef = F54FFECD19DDE949004848EE /* HedzupPongGameTests.m */; };
		F5695D1A19DE97A000DBA058 /* white-strip.png in Resources */ = {isa = PBXBuildFile; fileRef = F5695D1919DE97A000DBA058 /* white-strip.png */; };
		F5695D1C19DEA45200DBA058 /* ball.png in Resources */ = {isa = PBXBuildFile; fileRef = F5695D1B19DEA45200DBA058 /* ball.png */; };
		F5695D2519DECD5C00DBA058 /* HUPongGameObject.m in Sources */ = {isa = PBXBuildFile; fileRef = F5695D2419DECD5C00DBA058 /* HUPongGameObject.m */; };
		F5695D2819DED2F600DBA058 /* GameOverScene.m in Sources */ = {isa = PBXBuildFile; fileRef = F5695D2719DED2F500DBA058 /* GameOverScene.m */; };
		F5695D2D19DED42B00DBA058 /* MainMenu.m in Sources */ = {isa = PBXBuildFile; fileRef = F5695D2C19DED42B00DBA058 /* MainMenu.m */; };
		F5695D3219DED55800DBA058 /* PaddleBoard.m in Sources */ = {isa = PBXBuildFile; fileRef = F5695D2E19DED55800DBA058 /* PaddleBoard.m */; };
		F5695D3319DED55800DBA058 /* BallObject.m in Sources */ = {isa = PBXBuildFile; fileRef = F5695D3119DED55800DBA058 /* BallObject.m */; };
		F5695D3519E17D0500DBA058 /* blocks.png in Resources */ = {isa = PBXBuildFile; fileRef = F5695D3419E17D0500DBA058 /* blocks.png */; };
		F5695D3919E17F1400DBA058 /* BrickObject.m in Sources */ = {isa = PBXBuildFile; fileRef = F5695D3819E17F1400DBA058 /* BrickObject.m */; };
		F591396A19E2E75600C815F2 /* Magical_8bit_tour_.mp3 in Resources */ = {isa = PBXBuildFile; fileRef = F591396919E2E75600C815F2 /* Magical_8bit_tour_.mp3 */; };
		F591396F19E2E76800C815F2 /* emial-box-plain.png in Resources */ = {isa = PBXBuildFile; fileRef = F591396B19E2E76800C815F2 /* emial-box-plain.png */; };
		F591397019E2E76800C815F2 /* playnow-with-flowers.png in Resources */ = {isa = PBXBuildFile; fileRef = F591396C19E2E76800C815F2 /* playnow-with-flowers.png */; };
		F591397119E2E76800C815F2 /* ping-pong-logo.png in Resources */ = {isa = PBXBuildFile; fileRef = F591396D19E2E76800C815F2 /* ping-pong-logo.png */; };
		F591397219E2E76800C815F2 /* pong-bg.png in Resources */ = {isa = PBXBuildFile; fileRef = F591396E19E2E76800C815F2 /* pong-bg.png */; };
		F591398819E2E77500C815F2 /* chinese_game_over_go_cry_to_your_friends.caf in Resources */ = {isa = PBXBuildFile; fileRef = F591397B19E2E77500C815F2 /* chinese_game_over_go_cry_to_your_friends.caf */; };
		F591398919E2E77500C815F2 /* chinese_game_over_try_again.caf in Resources */ = {isa = PBXBuildFile; fileRef = F591397C19E2E77500C815F2 /* chinese_game_over_try_again.caf */; };
		F591398A19E2E77500C815F2 /* chinese_hedzup.caf in Resources */ = {isa = PBXBuildFile; fileRef = F591397D19E2E77500C815F2 /* chinese_hedzup.caf */; };
		F591398B19E2E77500C815F2 /* chinese_high_score.caf in Resources */ = {isa = PBXBuildFile; fileRef = F591397E19E2E77500C815F2 /* chinese_high_score.caf */; };
		F591398C19E2E77500C815F2 /* chinese_intro.caf in Resources */ = {isa = PBXBuildFile; fileRef = F591397F19E2E77500C815F2 /* chinese_intro.caf */; };
		F591398D19E2E77500C815F2 /* chinese_why_you_no_press_enter.caf in Resources */ = {isa = PBXBuildFile; fileRef = F591398019E2E77500C815F2 /* chinese_why_you_no_press_enter.caf */; };
		F591399119E3221800C815F2 /* Everything_Is_Awesome.mp3 in Resources */ = {isa = PBXBuildFile; fileRef = F591399019E3221800C815F2 /* Everything_Is_Awesome.mp3 */; };
		F5F95C5619E329C500D6AD54 /* half_bold_pixel-7.ttf in Resources */ = {isa = PBXBuildFile; fileRef = F5F95C5519E329C500D6AD54 /* half_bold_pixel-7.ttf */; };
		F5F95C5819E3353300D6AD54 /* chinese_intro.wav in Resources */ = {isa = PBXBuildFile; fileRef = F5F95C5719E3353300D6AD54 /* chinese_intro.wav */; };
		F5F95C5A19E3381300D6AD54 /* intro.caf in Resources */ = {isa = PBXBuildFile; fileRef = F5F95C5919E3381300D6AD54 /* intro.caf */; };
		F5F95C5C19E33B2E00D6AD54 /* british_high_score.caf in Resources */ = {isa = PBXBuildFile; fileRef = F5F95C5B19E33B2E00D6AD54 /* british_high_score.caf */; };
		F5F95C5E19E33CA700D6AD54 /* british_intro.caf in Resources */ = {isa = PBXBuildFile; fileRef = F5F95C5D19E33CA700D6AD54 /* british_intro.caf */; };
		F5F95C6019E33D3E00D6AD54 /* british_game_over.caf in Resources */ = {isa = PBXBuildFile; fileRef = F5F95C5F19E33D3E00D6AD54 /* british_game_over.caf */; };
		F5F95C6419E33E7F00D6AD54 /* british_press_enter.caf in Resources */ = {isa = PBXBuildFile; fileRef = F5F95C6319E33E7F00D6AD54 /* british_press_enter.caf */; };
		F5F95C6619E3400900D6AD54 /* game-over-screen-bg.png in Resources */ = {isa = PBXBuildFile; fileRef = F5F95C6519E3400900D6AD54 /* game-over-screen-bg.png */; };
		F5F95C7119E344EC00D6AD54 /* 1.png in Resources */ = {isa = PBXBuildFile; fileRef = F5F95C6919E344EC00D6AD54 /* 1.png */; };
		F5F95C7219E344EC00D6AD54 /* 2.png in Resources */ = {isa = PBXBuildFile; fileRef = F5F95C6A19E344EC00D6AD54 /* 2.png */; };
		F5F95C7319E344EC00D6AD54 /* 3.png in Resources */ = {isa = PBXBuildFile; fileRef = F5F95C6B19E344EC00D6AD54 /* 3.png */; };
		F5F95C7419E344EC00D6AD54 /* 4.png in Resources */ = {isa = PBXBuildFile; fileRef = F5F95C6C19E344EC00D6AD54 /* 4.png */; };
		F5F95C7519E344EC00D6AD54 /* 5.png in Resources */ = {isa = PBXBuildFile; fileRef = F5F95C6D19E344EC00D6AD54 /* 5.png */; };
		F5F95C7619E344EC00D6AD54 /* 6.png in Resources */ = {isa = PBXBuildFile; fileRef = F5F95C6E19E344EC00D6AD54 /* 6.png */; };
		F5F95C7719E344EC00D6AD54 /* game-screen-layout.png in Resources */ = {isa = PBXBuildFile; fileRef = F5F95C6F19E344EC00D6AD54 /* game-screen-layout.png */; };
		F5F95C7819E344EC00D6AD54 /* leaderboard-banner.png in Resources */ = {isa = PBXBuildFile; fileRef = F5F95C7019E344EC00D6AD54 /* leaderboard-banner.png */; };
/* End PBXBuildFile section */

/* Begin PBXContainerItemProxy section */
		F54FFEC819DDE949004848EE /* PBXContainerItemProxy */ = {
			isa = PBXContainerItemProxy;
			containerPortal = F54FFEA719DDE948004848EE /* Project object */;
			proxyType = 1;
			remoteGlobalIDString = F54FFEAE19DDE948004848EE;
			remoteInfo = HedzupPongGame;
		};
/* End PBXContainerItemProxy section */

/* Begin PBXFileReference section */
		F50217CE19E27D1C001C9355 /* 8-BIT WONDER.TTF */ = {isa = PBXFileReference; lastKnownFileType = file; path = "8-BIT WONDER.TTF"; sourceTree = "<group>"; };
		F50217D119E28FE7001C9355 /* nes-14-08.wav */ = {isa = PBXFileReference; lastKnownFileType = audio.wav; name = "nes-14-08.wav"; path = "Assets/sounds/nes-14-08.wav"; sourceTree = "<group>"; };
		F50217D219E28FE7001C9355 /* nes-00-01.wav */ = {isa = PBXFileReference; lastKnownFileType = audio.wav; name = "nes-00-01.wav"; path = "Assets/sounds/nes-00-01.wav"; sourceTree = "<group>"; };
		F50217D819E2A914001C9355 /* Database.xcdatamodel */ = {isa = PBXFileReference; lastKnownFileType = wrapper.xcdatamodel; path = Database.xcdatamodel; sourceTree = "<group>"; };
		F50217DB19E2AA7D001C9355 /* HighScores.h */ = {isa = PBXFileReference; fileEncoding = 4; lastKnownFileType = sourcecode.c.h; name = HighScores.h; path = CoreData/HighScores.h; sourceTree = "<group>"; };
		F50217DC19E2AA7D001C9355 /* HighScores.m */ = {isa = PBXFileReference; fileEncoding = 4; lastKnownFileType = sourcecode.c.objc; name = HighScores.m; path = CoreData/HighScores.m; sourceTree = "<group>"; };
		F50217E019E2AB9D001C9355 /* ArchiverManager.h */ = {isa = PBXFileReference; fileEncoding = 4; lastKnownFileType = sourcecode.c.h; path = ArchiverManager.h; sourceTree = "<group>"; };
		F50217E119E2AB9D001C9355 /* ArchiverManager.m */ = {isa = PBXFileReference; fileEncoding = 4; lastKnownFileType = sourcecode.c.objc; path = ArchiverManager.m; sourceTree = "<group>"; };
		F50217E219E2AB9D001C9355 /* ArchiverMediator.h */ = {isa = PBXFileReference; fileEncoding = 4; lastKnownFileType = sourcecode.c.h; path = ArchiverMediator.h; sourceTree = "<group>"; };
		F50217E319E2AB9D001C9355 /* ArchiverMediator.m */ = {isa = PBXFileReference; fileEncoding = 4; lastKnownFileType = sourcecode.c.objc; path = ArchiverMediator.m; sourceTree = "<group>"; };
		F50217E419E2AB9D001C9355 /* PRPBasicDataModel.h */ = {isa = PBXFileReference; fileEncoding = 4; lastKnownFileType = sourcecode.c.h; path = PRPBasicDataModel.h; sourceTree = "<group>"; };
		F50217E519E2AB9D001C9355 /* PRPBasicDataModel.m */ = {isa = PBXFileReference; fileEncoding = 4; lastKnownFileType = sourcecode.c.objc; path = PRPBasicDataModel.m; sourceTree = "<group>"; };
		F50217F019E2B001001C9355 /* HUPongManager.h */ = {isa = PBXFileReference; fileEncoding = 4; lastKnownFileType = sourcecode.c.h; path = HUPongManager.h; sourceTree = "<group>"; };
		F50217F119E2B001001C9355 /* HUPongManager.m */ = {isa = PBXFileReference; fileEncoding = 4; lastKnownFileType = sourcecode.c.objc; path = HUPongManager.m; sourceTree = "<group>"; };
		F50217F419E2CBB2001C9355 /* MainMenu.sks */ = {isa = PBXFileReference; lastKnownFileType = file.sks; path = MainMenu.sks; sourceTree = "<group>"; };
		F508993319E36932002F11A7 /* FlowerObject.h */ = {isa = PBXFileReference; fileEncoding = 4; lastKnownFileType = sourcecode.c.h; name = FlowerObject.h; path = GameObjects/FlowerObject.h; sourceTree = "<group>"; };
		F508993419E36932002F11A7 /* FlowerObject.m */ = {isa = PBXFileReference; fileEncoding = 4; lastKnownFileType = sourcecode.c.objc; name = FlowerObject.m; path = GameObjects/FlowerObject.m; sourceTree = "<group>"; };
		F508993619E36AA9002F11A7 /* british_flower_power.caf */ = {isa = PBXFileReference; lastKnownFileType = file; path = british_flower_power.caf; sourceTree = "<group>"; };
		F508993819E3BE97002F11A7 /* AVFoundation.framework */ = {isa = PBXFileReference; lastKnownFileType = wrapper.framework; name = AVFoundation.framework; path = System/Library/Frameworks/AVFoundation.framework; sourceTree = SDKROOT; };
		F508993919E3BE97002F11A7 /* AVKit.framework */ = {isa = PBXFileReference; lastKnownFileType = wrapper.framework; name = AVKit.framework; path = System/Library/Frameworks/AVKit.framework; sourceTree = SDKROOT; };
		F508993C19E3C5EE002F11A7 /* british_hedzup-1.caf */ = {isa = PBXFileReference; lastKnownFileType = file; path = "british_hedzup-1.caf"; sourceTree = "<group>"; };
		F508993E19E3D272002F11A7 /* Database_2.xcdatamodel */ = {isa = PBXFileReference; lastKnownFileType = wrapper.xcdatamodel; path = Database_2.xcdatamodel; sourceTree = "<group>"; };
		F54FFEAF19DDE948004848EE /* HedzupPongGame.app */ = {isa = PBXFileReference; explicitFileType = wrapper.application; includeInIndex = 0; path = HedzupPongGame.app; sourceTree = BUILT_PRODUCTS_DIR; };
		F54FFEB319DDE948004848EE /* Info.plist */ = {isa = PBXFileReference; lastKnownFileType = text.plist.xml; path = Info.plist; sourceTree = "<group>"; };
		F54FFEB419DDE948004848EE /* AppDelegate.h */ = {isa = PBXFileReference; lastKnownFileType = sourcecode.c.h; path = AppDelegate.h; sourceTree = "<group>"; };
		F54FFEB519DDE948004848EE /* AppDelegate.m */ = {isa = PBXFileReference; lastKnownFileType = sourcecode.c.objc; path = AppDelegate.m; sourceTree = "<group>"; };
		F54FFEB719DDE948004848EE /* main.m */ = {isa = PBXFileReference; lastKnownFileType = sourcecode.c.objc; path = main.m; sourceTree = "<group>"; };
		F54FFEB919DDE948004848EE /* GameScene.h */ = {isa = PBXFileReference; lastKnownFileType = sourcecode.c.h; path = GameScene.h; sourceTree = "<group>"; };
		F54FFEBA19DDE948004848EE /* GameScene.m */ = {isa = PBXFileReference; lastKnownFileType = sourcecode.c.objc; path = GameScene.m; sourceTree = "<group>"; };
		F54FFEBC19DDE948004848EE /* GameScene.sks */ = {isa = PBXFileReference; lastKnownFileType = file.sks; path = GameScene.sks; sourceTree = "<group>"; };
		F54FFEBE19DDE948004848EE /* Images.xcassets */ = {isa = PBXFileReference; lastKnownFileType = folder.assetcatalog; path = Images.xcassets; sourceTree = "<group>"; };
		F54FFEC119DDE948004848EE /* Base */ = {isa = PBXFileReference; lastKnownFileType = file.xib; name = Base; path = Base.lproj/MainMenu.xib; sourceTree = "<group>"; };
		F54FFEC719DDE949004848EE /* HedzupPongGameTests.xctest */ = {isa = PBXFileReference; explicitFileType = wrapper.cfbundle; includeInIndex = 0; path = HedzupPongGameTests.xctest; sourceTree = BUILT_PRODUCTS_DIR; };
		F54FFECC19DDE949004848EE /* Info.plist */ = {isa = PBXFileReference; lastKnownFileType = text.plist.xml; path = Info.plist; sourceTree = "<group>"; };
		F54FFECD19DDE949004848EE /* HedzupPongGameTests.m */ = {isa = PBXFileReference; lastKnownFileType = sourcecode.c.objc; path = HedzupPongGameTests.m; sourceTree = "<group>"; };
		F54FFED719DDE968004848EE /* HedzupPongGame.entitlements */ = {isa = PBXFileReference; lastKnownFileType = text.xml; path = HedzupPongGame.entitlements; sourceTree = "<group>"; };
		F5695D1519DE875300DBA058 /* globalConstants.h */ = {isa = PBXFileReference; lastKnownFileType = sourcecode.c.h; path = globalConstants.h; sourceTree = "<group>"; };
		F5695D1919DE97A000DBA058 /* white-strip.png */ = {isa = PBXFileReference; lastKnownFileType = image.png; name = "white-strip.png"; path = "Assets/white-strip.png"; sourceTree = "<group>"; };
		F5695D1B19DEA45200DBA058 /* ball.png */ = {isa = PBXFileReference; lastKnownFileType = image.png; name = ball.png; path = Assets/ball.png; sourceTree = "<group>"; };
		F5695D2319DECD5C00DBA058 /* HUPongGameObject.h */ = {isa = PBXFileReference; fileEncoding = 4; lastKnownFileType = sourcecode.c.h; name = HUPongGameObject.h; path = GameObjects/HUPongGameObject.h; sourceTree = "<group>"; };
		F5695D2419DECD5C00DBA058 /* HUPongGameObject.m */ = {isa = PBXFileReference; fileEncoding = 4; lastKnownFileType = sourcecode.c.objc; name = HUPongGameObject.m; path = GameObjects/HUPongGameObject.m; sourceTree = "<group>"; };
		F5695D2619DED2F500DBA058 /* GameOverScene.h */ = {isa = PBXFileReference; fileEncoding = 4; lastKnownFileType = sourcecode.c.h; name = GameOverScene.h; path = Scenes/GameOverScene.h; sourceTree = "<group>"; };
		F5695D2719DED2F500DBA058 /* GameOverScene.m */ = {isa = PBXFileReference; fileEncoding = 4; lastKnownFileType = sourcecode.c.objc; name = GameOverScene.m; path = Scenes/GameOverScene.m; sourceTree = "<group>"; };
		F5695D2B19DED42B00DBA058 /* MainMenu.h */ = {isa = PBXFileReference; fileEncoding = 4; lastKnownFileType = sourcecode.c.h; name = MainMenu.h; path = Scenes/MainMenu.h; sourceTree = "<group>"; };
		F5695D2C19DED42B00DBA058 /* MainMenu.m */ = {isa = PBXFileReference; fileEncoding = 4; lastKnownFileType = sourcecode.c.objc; name = MainMenu.m; path = Scenes/MainMenu.m; sourceTree = "<group>"; };
		F5695D2E19DED55800DBA058 /* PaddleBoard.m */ = {isa = PBXFileReference; fileEncoding = 4; lastKnownFileType = sourcecode.c.objc; name = PaddleBoard.m; path = GameObjects/PaddleBoard.m; sourceTree = "<group>"; };
		F5695D2F19DED55800DBA058 /* PaddleBoard.h */ = {isa = PBXFileReference; fileEncoding = 4; lastKnownFileType = sourcecode.c.h; name = PaddleBoard.h; path = GameObjects/PaddleBoard.h; sourceTree = "<group>"; };
		F5695D3019DED55800DBA058 /* BallObject.h */ = {isa = PBXFileReference; fileEncoding = 4; lastKnownFileType = sourcecode.c.h; name = BallObject.h; path = GameObjects/BallObject.h; sourceTree = "<group>"; };
		F5695D3119DED55800DBA058 /* BallObject.m */ = {isa = PBXFileReference; fileEncoding = 4; lastKnownFileType = sourcecode.c.objc; name = BallObject.m; path = GameObjects/BallObject.m; sourceTree = "<group>"; };
		F5695D3419E17D0500DBA058 /* blocks.png */ = {isa = PBXFileReference; lastKnownFileType = image.png; name = blocks.png; path = Assets/blocks.png; sourceTree = "<group>"; };
		F5695D3719E17F1400DBA058 /* BrickObject.h */ = {isa = PBXFileReference; fileEncoding = 4; lastKnownFileType = sourcecode.c.h; name = BrickObject.h; path = GameObjects/BrickObject.h; sourceTree = "<group>"; };
		F5695D3819E17F1400DBA058 /* BrickObject.m */ = {isa = PBXFileReference; fileEncoding = 4; lastKnownFileType = sourcecode.c.objc; name = BrickObject.m; path = GameObjects/BrickObject.m; sourceTree = "<group>"; };
		F591396919E2E75600C815F2 /* Magical_8bit_tour_.mp3 */ = {isa = PBXFileReference; lastKnownFileType = audio.mp3; name = Magical_8bit_tour_.mp3; path = Assets/sounds/Magical_8bit_tour_.mp3; sourceTree = "<group>"; };
		F591396B19E2E76800C815F2 /* emial-box-plain.png */ = {isa = PBXFileReference; lastKnownFileType = image.png; name = "emial-box-plain.png"; path = "Assets/emial-box-plain.png"; sourceTree = "<group>"; };
		F591396C19E2E76800C815F2 /* playnow-with-flowers.png */ = {isa = PBXFileReference; lastKnownFileType = image.png; name = "playnow-with-flowers.png"; path = "Assets/playnow-with-flowers.png"; sourceTree = "<group>"; };
		F591396D19E2E76800C815F2 /* ping-pong-logo.png */ = {isa = PBXFileReference; lastKnownFileType = image.png; name = "ping-pong-logo.png"; path = "Assets/ping-pong-logo.png"; sourceTree = "<group>"; };
		F591396E19E2E76800C815F2 /* pong-bg.png */ = {isa = PBXFileReference; lastKnownFileType = image.png; name = "pong-bg.png"; path = "Assets/pong-bg.png"; sourceTree = "<group>"; };
		F591397B19E2E77500C815F2 /* chinese_game_over_go_cry_to_your_friends.caf */ = {isa = PBXFileReference; lastKnownFileType = file; path = chinese_game_over_go_cry_to_your_friends.caf; sourceTree = "<group>"; };
		F591397C19E2E77500C815F2 /* chinese_game_over_try_again.caf */ = {isa = PBXFileReference; lastKnownFileType = file; path = chinese_game_over_try_again.caf; sourceTree = "<group>"; };
		F591397D19E2E77500C815F2 /* chinese_hedzup.caf */ = {isa = PBXFileReference; lastKnownFileType = file; path = chinese_hedzup.caf; sourceTree = "<group>"; };
		F591397E19E2E77500C815F2 /* chinese_high_score.caf */ = {isa = PBXFileReference; lastKnownFileType = file; path = chinese_high_score.caf; sourceTree = "<group>"; };
		F591397F19E2E77500C815F2 /* chinese_intro.caf */ = {isa = PBXFileReference; lastKnownFileType = file; path = chinese_intro.caf; sourceTree = "<group>"; };
		F591398019E2E77500C815F2 /* chinese_why_you_no_press_enter.caf */ = {isa = PBXFileReference; lastKnownFileType = file; path = chinese_why_you_no_press_enter.caf; sourceTree = "<group>"; };
		F591399019E3221800C815F2 /* Everything_Is_Awesome.mp3 */ = {isa = PBXFileReference; lastKnownFileType = audio.mp3; name = Everything_Is_Awesome.mp3; path = Assets/sounds/Everything_Is_Awesome.mp3; sourceTree = "<group>"; };
		F5F95C5519E329C500D6AD54 /* half_bold_pixel-7.ttf */ = {isa = PBXFileReference; lastKnownFileType = file; path = "half_bold_pixel-7.ttf"; sourceTree = "<group>"; };
		F5F95C5719E3353300D6AD54 /* chinese_intro.wav */ = {isa = PBXFileReference; lastKnownFileType = audio.wav; path = chinese_intro.wav; sourceTree = "<group>"; };
		F5F95C5919E3381300D6AD54 /* intro.caf */ = {isa = PBXFileReference; lastKnownFileType = file; path = intro.caf; sourceTree = "<group>"; };
		F5F95C5B19E33B2E00D6AD54 /* british_high_score.caf */ = {isa = PBXFileReference; lastKnownFileType = file; path = british_high_score.caf; sourceTree = "<group>"; };
		F5F95C5D19E33CA700D6AD54 /* british_intro.caf */ = {isa = PBXFileReference; lastKnownFileType = file; path = british_intro.caf; sourceTree = "<group>"; };
		F5F95C5F19E33D3E00D6AD54 /* british_game_over.caf */ = {isa = PBXFileReference; lastKnownFileType = file; path = british_game_over.caf; sourceTree = "<group>"; };
		F5F95C6319E33E7F00D6AD54 /* british_press_enter.caf */ = {isa = PBXFileReference; lastKnownFileType = file; path = british_press_enter.caf; sourceTree = "<group>"; };
		F5F95C6519E3400900D6AD54 /* game-over-screen-bg.png */ = {isa = PBXFileReference; lastKnownFileType = image.png; name = "game-over-screen-bg.png"; path = "Assets/game-over-screen-bg.png"; sourceTree = "<group>"; };
		F5F95C6919E344EC00D6AD54 /* 1.png */ = {isa = PBXFileReference; lastKnownFileType = image.png; path = 1.png; sourceTree = "<group>"; };
		F5F95C6A19E344EC00D6AD54 /* 2.png */ = {isa = PBXFileReference; lastKnownFileType = image.png; path = 2.png; sourceTree = "<group>"; };
		F5F95C6B19E344EC00D6AD54 /* 3.png */ = {isa = PBXFileReference; lastKnownFileType = image.png; path = 3.png; sourceTree = "<group>"; };
		F5F95C6C19E344EC00D6AD54 /* 4.png */ = {isa = PBXFileReference; lastKnownFileType = image.png; path = 4.png; sourceTree = "<group>"; };
		F5F95C6D19E344EC00D6AD54 /* 5.png */ = {isa = PBXFileReference; lastKnownFileType = image.png; path = 5.png; sourceTree = "<group>"; };
		F5F95C6E19E344EC00D6AD54 /* 6.png */ = {isa = PBXFileReference; lastKnownFileType = image.png; path = 6.png; sourceTree = "<group>"; };
		F5F95C6F19E344EC00D6AD54 /* game-screen-layout.png */ = {isa = PBXFileReference; lastKnownFileType = image.png; path = "game-screen-layout.png"; sourceTree = "<group>"; };
		F5F95C7019E344EC00D6AD54 /* leaderboard-banner.png */ = {isa = PBXFileReference; lastKnownFileType = image.png; path = "leaderboard-banner.png"; sourceTree = "<group>"; };
/* End PBXFileReference section */

/* Begin PBXFrameworksBuildPhase section */
		F54FFEAC19DDE948004848EE /* Frameworks */ = {
			isa = PBXFrameworksBuildPhase;
			buildActionMask = 2147483647;
			files = (
				F508993A19E3BE97002F11A7 /* AVFoundation.framework in Frameworks */,
				F508993B19E3BE97002F11A7 /* AVKit.framework in Frameworks */,
			);
			runOnlyForDeploymentPostprocessing = 0;
		};
		F54FFEC419DDE949004848EE /* Frameworks */ = {
			isa = PBXFrameworksBuildPhase;
			buildActionMask = 2147483647;
			files = (
			);
			runOnlyForDeploymentPostprocessing = 0;
		};
/* End PBXFrameworksBuildPhase section */

/* Begin PBXGroup section */
		F50217D619E2A84C001C9355 /* CoreData */ = {
			isa = PBXGroup;
			children = (
				F50217D719E2A914001C9355 /* Database.xcdatamodeld */,
				F50217DF19E2AB9D001C9355 /* ToolBoxes */,
				F50217DA19E2A9E3001C9355 /* subClasses */,
			);
			name = CoreData;
			sourceTree = "<group>";
		};
		F50217DA19E2A9E3001C9355 /* subClasses */ = {
			isa = PBXGroup;
			children = (
				F50217DB19E2AA7D001C9355 /* HighScores.h */,
				F50217DC19E2AA7D001C9355 /* HighScores.m */,
			);
			name = subClasses;
			sourceTree = "<group>";
		};
		F50217DF19E2AB9D001C9355 /* ToolBoxes */ = {
			isa = PBXGroup;
			children = (
				F50217E019E2AB9D001C9355 /* ArchiverManager.h */,
				F50217E119E2AB9D001C9355 /* ArchiverManager.m */,
				F50217E219E2AB9D001C9355 /* ArchiverMediator.h */,
				F50217E319E2AB9D001C9355 /* ArchiverMediator.m */,
				F50217E419E2AB9D001C9355 /* PRPBasicDataModel.h */,
				F50217E519E2AB9D001C9355 /* PRPBasicDataModel.m */,
			);
			name = ToolBoxes;
			path = CoreData/coredata;
			sourceTree = "<group>";
		};
		F50217EF19E2B001001C9355 /* SingleTons */ = {
			isa = PBXGroup;
			children = (
				F50217F019E2B001001C9355 /* HUPongManager.h */,
				F50217F119E2B001001C9355 /* HUPongManager.m */,
			);
			path = SingleTons;
			sourceTree = "<group>";
		};
		F508993219E36915002F11A7 /* Flower */ = {
			isa = PBXGroup;
			children = (
				F508993319E36932002F11A7 /* FlowerObject.h */,
				F508993419E36932002F11A7 /* FlowerObject.m */,
			);
			name = Flower;
			sourceTree = "<group>";
		};
		F54FFEA619DDE948004848EE = {
			isa = PBXGroup;
			children = (
				F508993819E3BE97002F11A7 /* AVFoundation.framework */,
				F508993919E3BE97002F11A7 /* AVKit.framework */,
				F54FFEB119DDE948004848EE /* HedzupPongGame */,
				F54FFECA19DDE949004848EE /* HedzupPongGameTests */,
				F54FFEB019DDE948004848EE /* Products */,
			);
			sourceTree = "<group>";
		};
		F54FFEB019DDE948004848EE /* Products */ = {
			isa = PBXGroup;
			children = (
				F54FFEAF19DDE948004848EE /* HedzupPongGame.app */,
				F54FFEC719DDE949004848EE /* HedzupPongGameTests.xctest */,
			);
			name = Products;
			sourceTree = "<group>";
		};
		F54FFEB119DDE948004848EE /* HedzupPongGame */ = {
			isa = PBXGroup;
			children = (
				F50217EF19E2B001001C9355 /* SingleTons */,
				F50217D619E2A84C001C9355 /* CoreData */,
				F5695D1219DE825700DBA058 /* Assets */,
				F5695D1619DE961A00DBA058 /* GameObjects */,
				F5695D1119DE824900DBA058 /* Scenes */,
				F54FFED719DDE968004848EE /* HedzupPongGame.entitlements */,
				F5695D1519DE875300DBA058 /* globalConstants.h */,
				F54FFEB419DDE948004848EE /* AppDelegate.h */,
				F54FFEB519DDE948004848EE /* AppDelegate.m */,
				F54FFEBC19DDE948004848EE /* GameScene.sks */,
				F54FFEBE19DDE948004848EE /* Images.xcassets */,
				F54FFEC019DDE948004848EE /* MainMenu.xib */,
				F54FFEB219DDE948004848EE /* Supporting Files */,
			);
			path = HedzupPongGame;
			sourceTree = "<group>";
		};
		F54FFEB219DDE948004848EE /* Supporting Files */ = {
			isa = PBXGroup;
			children = (
				F54FFEB319DDE948004848EE /* Info.plist */,
				F54FFEB719DDE948004848EE /* main.m */,
			);
			name = "Supporting Files";
			sourceTree = "<group>";
		};
		F54FFECA19DDE949004848EE /* HedzupPongGameTests */ = {
			isa = PBXGroup;
			children = (
				F54FFECD19DDE949004848EE /* HedzupPongGameTests.m */,
				F54FFECB19DDE949004848EE /* Supporting Files */,
			);
			path = HedzupPongGameTests;
			sourceTree = "<group>";
		};
		F54FFECB19DDE949004848EE /* Supporting Files */ = {
			isa = PBXGroup;
			children = (
				F54FFECC19DDE949004848EE /* Info.plist */,
			);
			name = "Supporting Files";
			sourceTree = "<group>";
		};
		F5695D0F19DE823500DBA058 /* MainGame */ = {
			isa = PBXGroup;
			children = (
				F5695D2A19DED40100DBA058 /* GameOver */,
				F54FFEB919DDE948004848EE /* GameScene.h */,
				F54FFEBA19DDE948004848EE /* GameScene.m */,
			);
			name = MainGame;
			sourceTree = "<group>";
		};
		F5695D1019DE824100DBA058 /* MainMenu */ = {
			isa = PBXGroup;
			children = (
				F5695D2B19DED42B00DBA058 /* MainMenu.h */,
				F5695D2C19DED42B00DBA058 /* MainMenu.m */,
				F50217F419E2CBB2001C9355 /* MainMenu.sks */,
			);
			name = MainMenu;
			sourceTree = "<group>";
		};
		F5695D1119DE824900DBA058 /* Scenes */ = {
			isa = PBXGroup;
			children = (
				F5695D1019DE824100DBA058 /* MainMenu */,
				F5695D0F19DE823500DBA058 /* MainGame */,
			);
			name = Scenes;
			sourceTree = "<group>";
		};
		F5695D1219DE825700DBA058 /* Assets */ = {
			isa = PBXGroup;
			children = (
				F591397319E2E77400C815F2 /* Voices */,
				F5695D2919DED33600DBA058 /* Fonts */,
				F5695D1419DE827000DBA058 /* Sounds */,
				F5695D1319DE826900DBA058 /* Images */,
			);
			name = Assets;
			sourceTree = "<group>";
		};
		F5695D1319DE826900DBA058 /* Images */ = {
			isa = PBXGroup;
			children = (
				F5F95C6719E344EC00D6AD54 /* game screen */,
				F5F95C6519E3400900D6AD54 /* game-over-screen-bg.png */,
				F591396B19E2E76800C815F2 /* emial-box-plain.png */,
				F591396C19E2E76800C815F2 /* playnow-with-flowers.png */,
				F591396D19E2E76800C815F2 /* ping-pong-logo.png */,
				F591396E19E2E76800C815F2 /* pong-bg.png */,
				F5695D3419E17D0500DBA058 /* blocks.png */,
				F5695D1B19DEA45200DBA058 /* ball.png */,
				F5695D1919DE97A000DBA058 /* white-strip.png */,
			);
			name = Images;
			sourceTree = "<group>";
		};
		F5695D1419DE827000DBA058 /* Sounds */ = {
			isa = PBXGroup;
			children = (
				F591399019E3221800C815F2 /* Everything_Is_Awesome.mp3 */,
				F591396919E2E75600C815F2 /* Magical_8bit_tour_.mp3 */,
				F50217D119E28FE7001C9355 /* nes-14-08.wav */,
				F50217D219E28FE7001C9355 /* nes-00-01.wav */,
			);
			name = Sounds;
			sourceTree = "<group>";
		};
		F5695D1619DE961A00DBA058 /* GameObjects */ = {
			isa = PBXGroup;
			children = (
				F5695D2319DECD5C00DBA058 /* HUPongGameObject.h */,
				F5695D2419DECD5C00DBA058 /* HUPongGameObject.m */,
				F5695D3619E17EC600DBA058 /* bricks */,
				F5695D1819DE963100DBA058 /* Ball */,
				F5695D1719DE962900DBA058 /* Player */,
			);
			name = GameObjects;
			sourceTree = "<group>";
		};
		F5695D1719DE962900DBA058 /* Player */ = {
			isa = PBXGroup;
			children = (
				F5695D2F19DED55800DBA058 /* PaddleBoard.h */,
				F5695D2E19DED55800DBA058 /* PaddleBoard.m */,
			);
			name = Player;
			sourceTree = "<group>";
		};
		F5695D1819DE963100DBA058 /* Ball */ = {
			isa = PBXGroup;
			children = (
				F5695D3019DED55800DBA058 /* BallObject.h */,
				F5695D3119DED55800DBA058 /* BallObject.m */,
			);
			name = Ball;
			sourceTree = "<group>";
		};
		F5695D2919DED33600DBA058 /* Fonts */ = {
			isa = PBXGroup;
			children = (
				F5F95C5519E329C500D6AD54 /* half_bold_pixel-7.ttf */,
				F50217CE19E27D1C001C9355 /* 8-BIT WONDER.TTF */,
			);
			name = Fonts;
			sourceTree = "<group>";
		};
		F5695D2A19DED40100DBA058 /* GameOver */ = {
			isa = PBXGroup;
			children = (
				F5695D2619DED2F500DBA058 /* GameOverScene.h */,
				F5695D2719DED2F500DBA058 /* GameOverScene.m */,
			);
			name = GameOver;
			sourceTree = "<group>";
		};
		F5695D3619E17EC600DBA058 /* bricks */ = {
			isa = PBXGroup;
			children = (
				F508993219E36915002F11A7 /* Flower */,
				F5695D3719E17F1400DBA058 /* BrickObject.h */,
				F5695D3819E17F1400DBA058 /* BrickObject.m */,
			);
			name = bricks;
			sourceTree = "<group>";
		};
		F591397319E2E77400C815F2 /* Voices */ = {
			isa = PBXGroup;
			children = (
				F508993C19E3C5EE002F11A7 /* british_hedzup-1.caf */,
				F508993619E36AA9002F11A7 /* british_flower_power.caf */,
				F5F95C6319E33E7F00D6AD54 /* british_press_enter.caf */,
				F5F95C5F19E33D3E00D6AD54 /* british_game_over.caf */,
				F5F95C5D19E33CA700D6AD54 /* british_intro.caf */,
				F5F95C5B19E33B2E00D6AD54 /* british_high_score.caf */,
				F5F95C5919E3381300D6AD54 /* intro.caf */,
				F5F95C5719E3353300D6AD54 /* chinese_intro.wav */,
				F591397B19E2E77500C815F2 /* chinese_game_over_go_cry_to_your_friends.caf */,
				F591397C19E2E77500C815F2 /* chinese_game_over_try_again.caf */,
				F591397D19E2E77500C815F2 /* chinese_hedzup.caf */,
				F591397E19E2E77500C815F2 /* chinese_high_score.caf */,
				F591397F19E2E77500C815F2 /* chinese_intro.caf */,
				F591398019E2E77500C815F2 /* chinese_why_you_no_press_enter.caf */,
			);
			name = Voices;
			path = Assets/Voices;
			sourceTree = "<group>";
		};
		F5F95C6719E344EC00D6AD54 /* game screen */ = {
			isa = PBXGroup;
			children = (
				F5F95C6819E344EC00D6AD54 /* flower */,
				F5F95C6F19E344EC00D6AD54 /* game-screen-layout.png */,
				F5F95C7019E344EC00D6AD54 /* leaderboard-banner.png */,
			);
			name = "game screen";
			path = "Assets/game screen";
			sourceTree = "<group>";
		};
		F5F95C6819E344EC00D6AD54 /* flower */ = {
			isa = PBXGroup;
			children = (
				F5F95C6919E344EC00D6AD54 /* 1.png */,
				F5F95C6A19E344EC00D6AD54 /* 2.png */,
				F5F95C6B19E344EC00D6AD54 /* 3.png */,
				F5F95C6C19E344EC00D6AD54 /* 4.png */,
				F5F95C6D19E344EC00D6AD54 /* 5.png */,
				F5F95C6E19E344EC00D6AD54 /* 6.png */,
			);
			path = flower;
			sourceTree = "<group>";
		};
/* End PBXGroup section */

/* Begin PBXNativeTarget section */
		F54FFEAE19DDE948004848EE /* HedzupPongGame */ = {
			isa = PBXNativeTarget;
			buildConfigurationList = F54FFED119DDE949004848EE /* Build configuration list for PBXNativeTarget "HedzupPongGame" */;
			buildPhases = (
				F54FFEAB19DDE948004848EE /* Sources */,
				F54FFEAC19DDE948004848EE /* Frameworks */,
				F54FFEAD19DDE948004848EE /* Resources */,
			);
			buildRules = (
			);
			dependencies = (
			);
			name = HedzupPongGame;
			productName = HedzupPongGame;
			productReference = F54FFEAF19DDE948004848EE /* HedzupPongGame.app */;
			productType = "com.apple.product-type.application";
		};
		F54FFEC619DDE949004848EE /* HedzupPongGameTests */ = {
			isa = PBXNativeTarget;
			buildConfigurationList = F54FFED419DDE949004848EE /* Build configuration list for PBXNativeTarget "HedzupPongGameTests" */;
			buildPhases = (
				F54FFEC319DDE949004848EE /* Sources */,
				F54FFEC419DDE949004848EE /* Frameworks */,
				F54FFEC519DDE949004848EE /* Resources */,
			);
			buildRules = (
			);
			dependencies = (
				F54FFEC919DDE949004848EE /* PBXTargetDependency */,
			);
			name = HedzupPongGameTests;
			productName = HedzupPongGameTests;
			productReference = F54FFEC719DDE949004848EE /* HedzupPongGameTests.xctest */;
			productType = "com.apple.product-type.bundle.unit-test";
		};
/* End PBXNativeTarget section */

/* Begin PBXProject section */
		F54FFEA719DDE948004848EE /* Project object */ = {
			isa = PBXProject;
			attributes = {
				LastUpgradeCheck = 0610;
				ORGANIZATIONNAME = tappnology;
				TargetAttributes = {
					F54FFEAE19DDE948004848EE = {
						CreatedOnToolsVersion = 6.1;
						DevelopmentTeam = 646RZ6N9HF;
						SystemCapabilities = {
							com.apple.Sandbox = {
								enabled = 1;
							};
						};
					};
					F54FFEC619DDE949004848EE = {
						CreatedOnToolsVersion = 6.1;
						TestTargetID = F54FFEAE19DDE948004848EE;
					};
				};
			};
			buildConfigurationList = F54FFEAA19DDE948004848EE /* Build configuration list for PBXProject "HedzupPongGame" */;
			compatibilityVersion = "Xcode 3.2";
			developmentRegion = English;
			hasScannedForEncodings = 0;
			knownRegions = (
				en,
				Base,
			);
			mainGroup = F54FFEA619DDE948004848EE;
			productRefGroup = F54FFEB019DDE948004848EE /* Products */;
			projectDirPath = "";
			projectRoot = "";
			targets = (
				F54FFEAE19DDE948004848EE /* HedzupPongGame */,
				F54FFEC619DDE949004848EE /* HedzupPongGameTests */,
			);
		};
/* End PBXProject section */

/* Begin PBXResourcesBuildPhase section */
		F54FFEAD19DDE948004848EE /* Resources */ = {
			isa = PBXResourcesBuildPhase;
			buildActionMask = 2147483647;
			files = (
				F54FFEBD19DDE948004848EE /* GameScene.sks in Resources */,
				F5F95C7119E344EC00D6AD54 /* 1.png in Resources */,
				F5F95C7219E344EC00D6AD54 /* 2.png in Resources */,
				F5F95C7319E344EC00D6AD54 /* 3.png in Resources */,
				F508993D19E3C5EE002F11A7 /* british_hedzup-1.caf in Resources */,
				F591398D19E2E77500C815F2 /* chinese_why_you_no_press_enter.caf in Resources */,
				F5695D1C19DEA45200DBA058 /* ball.png in Resources */,
				F5F95C7619E344EC00D6AD54 /* 6.png in Resources */,
				F508993719E36AA9002F11A7 /* british_flower_power.caf in Resources */,
				F5F95C5E19E33CA700D6AD54 /* british_intro.caf in Resources */,
				F591397019E2E76800C815F2 /* playnow-with-flowers.png in Resources */,
				F50217CF19E27D1C001C9355 /* 8-BIT WONDER.TTF in Resources */,
				F5F95C6019E33D3E00D6AD54 /* british_game_over.caf in Resources */,
				F50217F519E2CBB2001C9355 /* MainMenu.sks in Resources */,
				F591396A19E2E75600C815F2 /* Magical_8bit_tour_.mp3 in Resources */,
				F591398A19E2E77500C815F2 /* chinese_hedzup.caf in Resources */,
				F5F95C5A19E3381300D6AD54 /* intro.caf in Resources */,
				F54FFEBF19DDE948004848EE /* Images.xcassets in Resources */,
				F5695D1A19DE97A000DBA058 /* white-strip.png in Resources */,
				F54FFEC219DDE948004848EE /* MainMenu.xib in Resources */,
				F50217D319E28FE7001C9355 /* nes-14-08.wav in Resources */,
				F591398919E2E77500C815F2 /* chinese_game_over_try_again.caf in Resources */,
				F591398819E2E77500C815F2 /* chinese_game_over_go_cry_to_your_friends.caf in Resources */,
				F5F95C7519E344EC00D6AD54 /* 5.png in Resources */,
				F591397219E2E76800C815F2 /* pong-bg.png in Resources */,
				F5F95C6619E3400900D6AD54 /* game-over-screen-bg.png in Resources */,
				F591396F19E2E76800C815F2 /* emial-box-plain.png in Resources */,
				F5695D3519E17D0500DBA058 /* blocks.png in Resources */,
				F591399119E3221800C815F2 /* Everything_Is_Awesome.mp3 in Resources */,
				F591398C19E2E77500C815F2 /* chinese_intro.caf in Resources */,
				F5F95C7819E344EC00D6AD54 /* leaderboard-banner.png in Resources */,
				F5F95C6419E33E7F00D6AD54 /* british_press_enter.caf in Resources */,
				F5F95C7419E344EC00D6AD54 /* 4.png in Resources */,
				F591397119E2E76800C815F2 /* ping-pong-logo.png in Resources */,
				F591398B19E2E77500C815F2 /* chinese_high_score.caf in Resources */,
				F5F95C5819E3353300D6AD54 /* chinese_intro.wav in Resources */,
				F5F95C7719E344EC00D6AD54 /* game-screen-layout.png in Resources */,
				F5F95C5619E329C500D6AD54 /* half_bold_pixel-7.ttf in Resources */,
				F50217D419E28FE7001C9355 /* nes-00-01.wav in Resources */,
				F5F95C5C19E33B2E00D6AD54 /* british_high_score.caf in Resources */,
			);
			runOnlyForDeploymentPostprocessing = 0;
		};
		F54FFEC519DDE949004848EE /* Resources */ = {
			isa = PBXResourcesBuildPhase;
			buildActionMask = 2147483647;
			files = (
			);
			runOnlyForDeploymentPostprocessing = 0;
		};
/* End PBXResourcesBuildPhase section */

/* Begin PBXSourcesBuildPhase section */
		F54FFEAB19DDE948004848EE /* Sources */ = {
			isa = PBXSourcesBuildPhase;
			buildActionMask = 2147483647;
			files = (
				F5695D2819DED2F600DBA058 /* GameOverScene.m in Sources */,
				F5695D3319DED55800DBA058 /* BallObject.m in Sources */,
				F5695D3219DED55800DBA058 /* PaddleBoard.m in Sources */,
				F50217EA19E2AB9D001C9355 /* ArchiverManager.m in Sources */,
				F54FFEB819DDE948004848EE /* main.m in Sources */,
				F50217F219E2B001001C9355 /* HUPongManager.m in Sources */,
				F54FFEBB19DDE948004848EE /* GameScene.m in Sources */,
				F54FFEB619DDE948004848EE /* AppDelegate.m in Sources */,
				F50217EC19E2AB9D001C9355 /* PRPBasicDataModel.m in Sources */,
				F50217D919E2A914001C9355 /* Database.xcdatamodeld in Sources */,
				F50217DD19E2AA7D001C9355 /* HighScores.m in Sources */,
				F50217EB19E2AB9D001C9355 /* ArchiverMediator.m in Sources */,
				F5695D2519DECD5C00DBA058 /* HUPongGameObject.m in Sources */,
				F5695D3919E17F1400DBA058 /* BrickObject.m in Sources */,
				F5695D2D19DED42B00DBA058 /* MainMenu.m in Sources */,
				F508993519E36932002F11A7 /* FlowerObject.m in Sources */,
			);
			runOnlyForDeploymentPostprocessing = 0;
		};
		F54FFEC319DDE949004848EE /* Sources */ = {
			isa = PBXSourcesBuildPhase;
			buildActionMask = 2147483647;
			files = (
				F54FFECE19DDE949004848EE /* HedzupPongGameTests.m in Sources */,
			);
			runOnlyForDeploymentPostprocessing = 0;
		};
/* End PBXSourcesBuildPhase section */

/* Begin PBXTargetDependency section */
		F54FFEC919DDE949004848EE /* PBXTargetDependency */ = {
			isa = PBXTargetDependency;
			target = F54FFEAE19DDE948004848EE /* HedzupPongGame */;
			targetProxy = F54FFEC819DDE949004848EE /* PBXContainerItemProxy */;
		};
/* End PBXTargetDependency section */

/* Begin PBXVariantGroup section */
		F54FFEC019DDE948004848EE /* MainMenu.xib */ = {
			isa = PBXVariantGroup;
			children = (
				F54FFEC119DDE948004848EE /* Base */,
			);
			name = MainMenu.xib;
			sourceTree = "<group>";
		};
/* End PBXVariantGroup section */

/* Begin XCBuildConfiguration section */
		F54FFECF19DDE949004848EE /* Debug */ = {
			isa = XCBuildConfiguration;
			buildSettings = {
				ALWAYS_SEARCH_USER_PATHS = NO;
				CLANG_CXX_LANGUAGE_STANDARD = "gnu++0x";
				CLANG_CXX_LIBRARY = "libc++";
				CLANG_ENABLE_MODULES = YES;
				CLANG_ENABLE_OBJC_ARC = YES;
				CLANG_WARN_BOOL_CONVERSION = YES;
				CLANG_WARN_CONSTANT_CONVERSION = YES;
				CLANG_WARN_DIRECT_OBJC_ISA_USAGE = YES_ERROR;
				CLANG_WARN_EMPTY_BODY = YES;
				CLANG_WARN_ENUM_CONVERSION = YES;
				CLANG_WARN_INT_CONVERSION = YES;
				CLANG_WARN_OBJC_ROOT_CLASS = YES_ERROR;
				CLANG_WARN_UNREACHABLE_CODE = YES;
				CLANG_WARN__DUPLICATE_METHOD_MATCH = YES;
				CODE_SIGN_IDENTITY = "-";
				COPY_PHASE_STRIP = NO;
				ENABLE_STRICT_OBJC_MSGSEND = YES;
				GCC_C_LANGUAGE_STANDARD = gnu99;
				GCC_DYNAMIC_NO_PIC = NO;
				GCC_OPTIMIZATION_LEVEL = 0;
				GCC_PREPROCESSOR_DEFINITIONS = (
					"DEBUG=1",
					"$(inherited)",
				);
				GCC_SYMBOLS_PRIVATE_EXTERN = NO;
				GCC_WARN_64_TO_32_BIT_CONVERSION = YES;
				GCC_WARN_ABOUT_RETURN_TYPE = YES_ERROR;
				GCC_WARN_UNDECLARED_SELECTOR = YES;
				GCC_WARN_UNINITIALIZED_AUTOS = YES_AGGRESSIVE;
				GCC_WARN_UNUSED_FUNCTION = YES;
				GCC_WARN_UNUSED_VARIABLE = YES;
				MACOSX_DEPLOYMENT_TARGET = 10.10;
				MTL_ENABLE_DEBUG_INFO = YES;
				ONLY_ACTIVE_ARCH = YES;
				SDKROOT = macosx;
			};
			name = Debug;
		};
		F54FFED019DDE949004848EE /* Release */ = {
			isa = XCBuildConfiguration;
			buildSettings = {
				ALWAYS_SEARCH_USER_PATHS = NO;
				CLANG_CXX_LANGUAGE_STANDARD = "gnu++0x";
				CLANG_CXX_LIBRARY = "libc++";
				CLANG_ENABLE_MODULES = YES;
				CLANG_ENABLE_OBJC_ARC = YES;
				CLANG_WARN_BOOL_CONVERSION = YES;
				CLANG_WARN_CONSTANT_CONVERSION = YES;
				CLANG_WARN_DIRECT_OBJC_ISA_USAGE = YES_ERROR;
				CLANG_WARN_EMPTY_BODY = YES;
				CLANG_WARN_ENUM_CONVERSION = YES;
				CLANG_WARN_INT_CONVERSION = YES;
				CLANG_WARN_OBJC_ROOT_CLASS = YES_ERROR;
				CLANG_WARN_UNREACHABLE_CODE = YES;
				CLANG_WARN__DUPLICATE_METHOD_MATCH = YES;
				CODE_SIGN_IDENTITY = "-";
				COPY_PHASE_STRIP = YES;
				DEBUG_INFORMATION_FORMAT = "dwarf-with-dsym";
				ENABLE_NS_ASSERTIONS = NO;
				ENABLE_STRICT_OBJC_MSGSEND = YES;
				GCC_C_LANGUAGE_STANDARD = gnu99;
				GCC_WARN_64_TO_32_BIT_CONVERSION = YES;
				GCC_WARN_ABOUT_RETURN_TYPE = YES_ERROR;
				GCC_WARN_UNDECLARED_SELECTOR = YES;
				GCC_WARN_UNINITIALIZED_AUTOS = YES_AGGRESSIVE;
				GCC_WARN_UNUSED_FUNCTION = YES;
				GCC_WARN_UNUSED_VARIABLE = YES;
				MACOSX_DEPLOYMENT_TARGET = 10.10;
				MTL_ENABLE_DEBUG_INFO = NO;
				SDKROOT = macosx;
			};
			name = Release;
		};
		F54FFED219DDE949004848EE /* Debug */ = {
			isa = XCBuildConfiguration;
			buildSettings = {
				ASSETCATALOG_COMPILER_APPICON_NAME = AppIcon;
				CODE_SIGN_ENTITLEMENTS = HedzupPongGame/HedzupPongGame.entitlements;
				CODE_SIGN_IDENTITY = "Developer ID Application";
				COMBINE_HIDPI_IMAGES = YES;
				INFOPLIST_FILE = HedzupPongGame/Info.plist;
				LD_RUNPATH_SEARCH_PATHS = "$(inherited) @executable_path/../Frameworks";
				MACOSX_DEPLOYMENT_TARGET = 10.8;
				PRODUCT_NAME = "$(TARGET_NAME)";
			};
			name = Debug;
		};
		F54FFED319DDE949004848EE /* Release */ = {
			isa = XCBuildConfiguration;
			buildSettings = {
				ASSETCATALOG_COMPILER_APPICON_NAME = AppIcon;
				CODE_SIGN_ENTITLEMENTS = HedzupPongGame/HedzupPongGame.entitlements;
				CODE_SIGN_IDENTITY = "Developer ID Application";
				COMBINE_HIDPI_IMAGES = YES;
				INFOPLIST_FILE = HedzupPongGame/Info.plist;
				LD_RUNPATH_SEARCH_PATHS = "$(inherited) @executable_path/../Frameworks";
				MACOSX_DEPLOYMENT_TARGET = 10.8;
				PRODUCT_NAME = "$(TARGET_NAME)";
			};
			name = Release;
		};
		F54FFED519DDE949004848EE /* Debug */ = {
			isa = XCBuildConfiguration;
			buildSettings = {
				BUNDLE_LOADER = "$(TEST_HOST)";
				COMBINE_HIDPI_IMAGES = YES;
				FRAMEWORK_SEARCH_PATHS = (
					"$(DEVELOPER_FRAMEWORKS_DIR)",
					"$(inherited)",
				);
				GCC_PREPROCESSOR_DEFINITIONS = (
					"DEBUG=1",
					"$(inherited)",
				);
				INFOPLIST_FILE = HedzupPongGameTests/Info.plist;
				LD_RUNPATH_SEARCH_PATHS = "$(inherited) @executable_path/../Frameworks @loader_path/../Frameworks";
				PRODUCT_NAME = "$(TARGET_NAME)";
				TEST_HOST = "$(BUILT_PRODUCTS_DIR)/HedzupPongGame.app/Contents/MacOS/HedzupPongGame";
			};
			name = Debug;
		};
		F54FFED619DDE949004848EE /* Release */ = {
			isa = XCBuildConfiguration;
			buildSettings = {
				BUNDLE_LOADER = "$(TEST_HOST)";
				COMBINE_HIDPI_IMAGES = YES;
				FRAMEWORK_SEARCH_PATHS = (
					"$(DEVELOPER_FRAMEWORKS_DIR)",
					"$(inherited)",
				);
				INFOPLIST_FILE = HedzupPongGameTests/Info.plist;
				LD_RUNPATH_SEARCH_PATHS = "$(inherited) @executable_path/../Frameworks @loader_path/../Frameworks";
				PRODUCT_NAME = "$(TARGET_NAME)";
				TEST_HOST = "$(BUILT_PRODUCTS_DIR)/HedzupPongGame.app/Contents/MacOS/HedzupPongGame";
			};
			name = Release;
		};
/* End XCBuildConfiguration section */

/* Begin XCConfigurationList section */
		F54FFEAA19DDE948004848EE /* Build configuration list for PBXProject "HedzupPongGame" */ = {
			isa = XCConfigurationList;
			buildConfigurations = (
				F54FFECF19DDE949004848EE /* Debug */,
				F54FFED019DDE949004848EE /* Release */,
			);
			defaultConfigurationIsVisible = 0;
			defaultConfigurationName = Release;
		};
		F54FFED119DDE949004848EE /* Build configuration list for PBXNativeTarget "HedzupPongGame" */ = {
			isa = XCConfigurationList;
			buildConfigurations = (
				F54FFED219DDE949004848EE /* Debug */,
				F54FFED319DDE949004848EE /* Release */,
			);
			defaultConfigurationIsVisible = 0;
			defaultConfigurationName = Release;
		};
		F54FFED419DDE949004848EE /* Build configuration list for PBXNativeTarget "HedzupPongGameTests" */ = {
			isa = XCConfigurationList;
			buildConfigurations = (
				F54FFED519DDE949004848EE /* Debug */,
				F54FFED619DDE949004848EE /* Release */,
			);
			defaultConfigurationIsVisible = 0;
			defaultConfigurationName = Release;
		};
/* End XCConfigurationList section */

/* Begin XCVersionGroup section */
		F50217D719E2A914001C9355 /* Database.xcdatamodeld */ = {
			isa = XCVersionGroup;
			children = (
				F508993E19E3D272002F11A7 /* Database_2.xcdatamodel */,
				F50217D819E2A914001C9355 /* Database.xcdatamodel */,
			);
			currentVersion = F508993E19E3D272002F11A7 /* Database_2.xcdatamodel */;
			name = Database.xcdatamodeld;
			path = CoreData/Database.xcdatamodeld;
			sourceTree = "<group>";
			versionGroupType = wrapper.xcdatamodel;
		};
/* End XCVersionGroup section */
	};
	rootObject = F54FFEA719DDE948004848EE /* Project object */;
}
